
Microsoft Visual Studio Solution File, Format Version 12.00
# Visual Studio Version 16
VisualStudioVersion = 16.0.34301.259
MinimumVisualStudioVersion = 10.0.40219.1
Project("{FAE04EC0-301F-11D3-BF4B-00C04F79EFBC}") = "CustomValidation", "CustomValidation\CustomValidation.csproj", "{C674ECA0-3513-4F6B-8834-1EF2ACE498BB}"
EndProject
Global
	GlobalSection(SolutionConfigurationPlatforms) = preSolution
		Debug|Any CPU = Debug|Any CPU
		Release|Any CPU = Release|Any CPU
	EndGlobalSection
	GlobalSection(ProjectConfigurationPlatforms) = postSolution
		{C674ECA0-3513-4F6B-8834-1EF2ACE498BB}.Debug|Any CPU.ActiveCfg = Debug|Any CPU
		{C674ECA0-3513-4F6B-8834-1EF2ACE498BB}.Debug|Any CPU.Build.0 = Debug|Any CPU
		{C674ECA0-3513-4F6B-8834-1EF2ACE498BB}.Release|Any CPU.ActiveCfg = Release|Any CPU
		{C674ECA0-3513-4F6B-8834-1EF2ACE498BB}.Release|Any CPU.Build.0 = Release|Any CPU
	EndGlobalSection
	GlobalSection(SolutionProperties) = preSolution
		HideSolutionNode = FALSE
	EndGlobalSection
	GlobalSection(ExtensibilityGlobals) = postSolution
		SolutionGuid = {67730D7B-D529-428E-9070-E955350E546E}
	EndGlobalSection
EndGlobal
